{
  "name": "varpulis-standalone-node-example",
  "lockfileVersion": 3,
  "requires": true,
  "packages": {
    "": {
      "name": "varpulis-standalone-node-example",
      "dependencies": {
        "@varpulis/agent-runtime": "file:../../packages/npm/varpulis-agent-runtime-0.1.0.tgz"
      }
    },
    "node_modules/@varpulis/agent-runtime": {
      "version": "0.1.0",
      "resolved": "file:../../packages/npm/varpulis-agent-runtime-0.1.0.tgz",
      "integrity": "sha512-7FmV8Y2cjOeZ+U+5h+pRLH4Hl6LxeXvHxjkyeLCVrXSVHg0bbozE0KituWW1sLTWN8ijpBxkLVIysIJHqNEY7g==",
      "license": "Apache-2.0",
      "peerDependencies": {
        "@langchain/core": ">=0.2.0"
      },
      "peerDependenciesMeta": {
        "@langchain/core": {
          "optional": true
        }
      }
    }
  }
}
